
Microsoft Visual Studio Solution File, Format Version 11.00
# Visual C# Express 2010
Project("{FAE04EC0-301F-11D3-BF4B-00C04F79EFBC}") = "Exemplo8", "Exemplo8\Exemplo8.csproj", "{E738A9BB-2DF1-4493-8298-03E50C3B2E34}"
EndProject
Global
	GlobalSection(SolutionConfigurationPlatforms) = preSolution
		Debug|x86 = Debug|x86
		Release|x86 = Release|x86
	EndGlobalSection
	GlobalSection(ProjectConfigurationPlatforms) = postSolution
		{E738A9BB-2DF1-4493-8298-03E50C3B2E34}.Debug|x86.ActiveCfg = Debug|x86
		{E738A9BB-2DF1-4493-8298-03E50C3B2E34}.Debug|x86.Build.0 = Debug|x86
		{E738A9BB-2DF1-4493-8298-03E50C3B2E34}.Release|x86.ActiveCfg = Release|x86
		{E738A9BB-2DF1-4493-8298-03E50C3B2E34}.Release|x86.Build.0 = Release|x86
	EndGlobalSection
	GlobalSection(SolutionProperties) = preSolution
		HideSolutionNode = FALSE
	EndGlobalSection
EndGlobal
