
Microsoft Visual Studio Solution File, Format Version 11.00
# Visual C# Express 2010
Project("{FAE04EC0-301F-11D3-BF4B-00C04F79EFBC}") = "TerceiroExercicio", "TerceiroExercicio\TerceiroExercicio.csproj", "{9B93A58D-7789-460F-A4A5-7C56F2709429}"
EndProject
Global
	GlobalSection(SolutionConfigurationPlatforms) = preSolution
		Debug|x86 = Debug|x86
		Release|x86 = Release|x86
	EndGlobalSection
	GlobalSection(ProjectConfigurationPlatforms) = postSolution
		{9B93A58D-7789-460F-A4A5-7C56F2709429}.Debug|x86.ActiveCfg = Debug|x86
		{9B93A58D-7789-460F-A4A5-7C56F2709429}.Debug|x86.Build.0 = Debug|x86
		{9B93A58D-7789-460F-A4A5-7C56F2709429}.Release|x86.ActiveCfg = Release|x86
		{9B93A58D-7789-460F-A4A5-7C56F2709429}.Release|x86.Build.0 = Release|x86
	EndGlobalSection
	GlobalSection(SolutionProperties) = preSolution
		HideSolutionNode = FALSE
	EndGlobalSection
EndGlobal
