
Microsoft Visual Studio Solution File, Format Version 11.00
# Visual C# Express 2010
Project("{FAE04EC0-301F-11D3-BF4B-00C04F79EFBC}") = "CalculadoraCsharp", "CalculadoraCsharp\CalculadoraCsharp.csproj", "{6A33517A-A0C4-4948-B95D-A741AE434D3C}"
EndProject
Global
	GlobalSection(SolutionConfigurationPlatforms) = preSolution
		Debug|x86 = Debug|x86
		Release|x86 = Release|x86
	EndGlobalSection
	GlobalSection(ProjectConfigurationPlatforms) = postSolution
		{6A33517A-A0C4-4948-B95D-A741AE434D3C}.Debug|x86.ActiveCfg = Debug|x86
		{6A33517A-A0C4-4948-B95D-A741AE434D3C}.Debug|x86.Build.0 = Debug|x86
		{6A33517A-A0C4-4948-B95D-A741AE434D3C}.Release|x86.ActiveCfg = Release|x86
		{6A33517A-A0C4-4948-B95D-A741AE434D3C}.Release|x86.Build.0 = Release|x86
	EndGlobalSection
	GlobalSection(SolutionProperties) = preSolution
		HideSolutionNode = FALSE
	EndGlobalSection
EndGlobal
